
Microsoft Visual Studio Solution File, Format Version 12.00
# Visual Studio Version 17
VisualStudioVersion = 17.8.34316.72
MinimumVisualStudioVersion = 10.0.40219.1
Project("{FAE04EC0-301F-11D3-BF4B-00C04F79EFBC}") = "CryptoScanner.UI", "CryptoScanner.UI\CryptoScanner.UI.csproj", "{40C2593F-6E51-476F-83EE-F9D1056E7793}"
EndProject
Project("{FAE04EC0-301F-11D3-BF4B-00C04F79EFBC}") = "CryptoScanner.App", "CryptoScanner.App\CryptoScanner.App.csproj", "{3A03B0D6-DDB4-47DD-9E98-36CA899686FE}"
EndProject
Project("{FAE04EC0-301F-11D3-BF4B-00C04F79EFBC}") = "CryptoScanner.Data", "CryptoScanner.Data\CryptoScanner.Data.csproj", "{CA8A197C-E412-4040-8940-CA8B92ADA55B}"
EndProject
Global
	GlobalSection(SolutionConfigurationPlatforms) = preSolution
		Debug|Any CPU = Debug|Any CPU
		Release|Any CPU = Release|Any CPU
	EndGlobalSection
	GlobalSection(ProjectConfigurationPlatforms) = postSolution
		{40C2593F-6E51-476F-83EE-F9D1056E7793}.Debug|Any CPU.ActiveCfg = Debug|Any CPU
		{40C2593F-6E51-476F-83EE-F9D1056E7793}.Debug|Any CPU.Build.0 = Debug|Any CPU
		{40C2593F-6E51-476F-83EE-F9D1056E7793}.Release|Any CPU.ActiveCfg = Release|Any CPU
		{40C2593F-6E51-476F-83EE-F9D1056E7793}.Release|Any CPU.Build.0 = Release|Any CPU
		{3A03B0D6-DDB4-47DD-9E98-36CA899686FE}.Debug|Any CPU.ActiveCfg = Debug|Any CPU
		{3A03B0D6-DDB4-47DD-9E98-36CA899686FE}.Debug|Any CPU.Build.0 = Debug|Any CPU
		{3A03B0D6-DDB4-47DD-9E98-36CA899686FE}.Release|Any CPU.ActiveCfg = Release|Any CPU
		{3A03B0D6-DDB4-47DD-9E98-36CA899686FE}.Release|Any CPU.Build.0 = Release|Any CPU
		{CA8A197C-E412-4040-8940-CA8B92ADA55B}.Debug|Any CPU.ActiveCfg = Debug|Any CPU
		{CA8A197C-E412-4040-8940-CA8B92ADA55B}.Debug|Any CPU.Build.0 = Debug|Any CPU
		{CA8A197C-E412-4040-8940-CA8B92ADA55B}.Release|Any CPU.ActiveCfg = Release|Any CPU
		{CA8A197C-E412-4040-8940-CA8B92ADA55B}.Release|Any CPU.Build.0 = Release|Any CPU
	EndGlobalSection
	GlobalSection(SolutionProperties) = preSolution
		HideSolutionNode = FALSE
	EndGlobalSection
	GlobalSection(ExtensibilityGlobals) = postSolution
		SolutionGuid = {978C5390-A176-42AE-9E6C-2CA0E18AEF13}
	EndGlobalSection
EndGlobal
